
Microsoft Visual Studio Solution File, Format Version 12.00
# Visual Studio Version 16
VisualStudioVersion = 16.0.31729.503
MinimumVisualStudioVersion = 10.0.40219.1
Project("{FAE04EC0-301F-11D3-BF4B-00C04F79EFBC}") = "remove_oneCssProp", "remove_oneCssProp.csproj", "{CBAE039F-8F87-4168-955E-3406C6F2E6EE}"
EndProject
Global
	GlobalSection(SolutionConfigurationPlatforms) = preSolution
		Debug|Any CPU = Debug|Any CPU
		Release|Any CPU = Release|Any CPU
	EndGlobalSection
	GlobalSection(ProjectConfigurationPlatforms) = postSolution
		{CBAE039F-8F87-4168-955E-3406C6F2E6EE}.Debug|Any CPU.ActiveCfg = Debug|Any CPU
		{CBAE039F-8F87-4168-955E-3406C6F2E6EE}.Debug|Any CPU.Build.0 = Debug|Any CPU
		{CBAE039F-8F87-4168-955E-3406C6F2E6EE}.Release|Any CPU.ActiveCfg = Release|Any CPU
		{CBAE039F-8F87-4168-955E-3406C6F2E6EE}.Release|Any CPU.Build.0 = Release|Any CPU
	EndGlobalSection
	GlobalSection(SolutionProperties) = preSolution
		HideSolutionNode = FALSE
	EndGlobalSection
	GlobalSection(ExtensibilityGlobals) = postSolution
		SolutionGuid = {1D98EC92-FBBD-44CE-AC7D-43DE89B4E550}
	EndGlobalSection
EndGlobal
